
Microsoft Visual Studio Solution File, Format Version 12.00
# Visual Studio 14
VisualStudioVersion = 14.0.23107.0
MinimumVisualStudioVersion = 10.0.40219.1
Project("{FAE04EC0-301F-11D3-BF4B-00C04F79EFBC}") = "DynDns53.UI", "DynDns53.UI\DynDns53.UI.csproj", "{0CEC699C-CA26-4607-AF32-8FC5FDAC84E6}"
EndProject
Project("{FAE04EC0-301F-11D3-BF4B-00C04F79EFBC}") = "DynDns53.Core", "DynDns53.Core\DynDns53.Core.csproj", "{4341F8F3-8C1A-4355-B2F1-430CDAC8AEB5}"
EndProject
Project("{FAE04EC0-301F-11D3-BF4B-00C04F79EFBC}") = "DynDns53.Lab", "DynDns.Lab\DynDns53.Lab.csproj", "{7059C7F6-F087-46BF-A7EA-2DC5687E15C1}"
EndProject
Project("{FAE04EC0-301F-11D3-BF4B-00C04F79EFBC}") = "DynDns53.UnitTests", "DynDns53.UnitTests\DynDns53.UnitTests.csproj", "{1F4825DD-5ABB-457C-B697-AF6C362AA62A}"
EndProject
Project("{FAE04EC0-301F-11D3-BF4B-00C04F79EFBC}") = "DynDns53.Service", "DynDns53.Service\DynDns53.Service.csproj", "{45444DA0-75C7-4AB4-A691-E8DA8734E0E1}"
EndProject
Global
	GlobalSection(SolutionConfigurationPlatforms) = preSolution
		Debug|Any CPU = Debug|Any CPU
		Release|Any CPU = Release|Any CPU
	EndGlobalSection
	GlobalSection(ProjectConfigurationPlatforms) = postSolution
		{0CEC699C-CA26-4607-AF32-8FC5FDAC84E6}.Debug|Any CPU.ActiveCfg = Debug|Any CPU
		{0CEC699C-CA26-4607-AF32-8FC5FDAC84E6}.Debug|Any CPU.Build.0 = Debug|Any CPU
		{0CEC699C-CA26-4607-AF32-8FC5FDAC84E6}.Release|Any CPU.ActiveCfg = Release|Any CPU
		{0CEC699C-CA26-4607-AF32-8FC5FDAC84E6}.Release|Any CPU.Build.0 = Release|Any CPU
		{4341F8F3-8C1A-4355-B2F1-430CDAC8AEB5}.Debug|Any CPU.ActiveCfg = Debug|Any CPU
		{4341F8F3-8C1A-4355-B2F1-430CDAC8AEB5}.Debug|Any CPU.Build.0 = Debug|Any CPU
		{4341F8F3-8C1A-4355-B2F1-430CDAC8AEB5}.Release|Any CPU.ActiveCfg = Release|Any CPU
		{4341F8F3-8C1A-4355-B2F1-430CDAC8AEB5}.Release|Any CPU.Build.0 = Release|Any CPU
		{7059C7F6-F087-46BF-A7EA-2DC5687E15C1}.Debug|Any CPU.ActiveCfg = Debug|Any CPU
		{7059C7F6-F087-46BF-A7EA-2DC5687E15C1}.Debug|Any CPU.Build.0 = Debug|Any CPU
		{7059C7F6-F087-46BF-A7EA-2DC5687E15C1}.Release|Any CPU.ActiveCfg = Release|Any CPU
		{7059C7F6-F087-46BF-A7EA-2DC5687E15C1}.Release|Any CPU.Build.0 = Release|Any CPU
		{1F4825DD-5ABB-457C-B697-AF6C362AA62A}.Debug|Any CPU.ActiveCfg = Debug|Any CPU
		{1F4825DD-5ABB-457C-B697-AF6C362AA62A}.Debug|Any CPU.Build.0 = Debug|Any CPU
		{1F4825DD-5ABB-457C-B697-AF6C362AA62A}.Release|Any CPU.ActiveCfg = Release|Any CPU
		{1F4825DD-5ABB-457C-B697-AF6C362AA62A}.Release|Any CPU.Build.0 = Release|Any CPU
		{45444DA0-75C7-4AB4-A691-E8DA8734E0E1}.Debug|Any CPU.ActiveCfg = Debug|Any CPU
		{45444DA0-75C7-4AB4-A691-E8DA8734E0E1}.Debug|Any CPU.Build.0 = Debug|Any CPU
		{45444DA0-75C7-4AB4-A691-E8DA8734E0E1}.Release|Any CPU.ActiveCfg = Release|Any CPU
		{45444DA0-75C7-4AB4-A691-E8DA8734E0E1}.Release|Any CPU.Build.0 = Release|Any CPU
	EndGlobalSection
	GlobalSection(SolutionProperties) = preSolution
		HideSolutionNode = FALSE
	EndGlobalSection
EndGlobal
